// !$*UTF8*$!
{
	archiveVersion = 1;
	classes = {
	};
	objectVersion = 48;
	objects = {

/* Begin PBXBuildFile section */
		9F2F7E5F1F07FCCB00F60F20 /* CRMWorkBenchViewController.swift in Sources */ = {isa = PBXBuildFile; fileRef = 9F2F7E5D1F07FCCB00F60F20 /* CRMWorkBenchViewController.swift */; };
		9F2F7E601F07FCCB00F60F20 /* CRMWorkBenchViewController.xib in Resources */ = {isa = PBXBuildFile; fileRef = 9F2F7E5E1F07FCCB00F60F20 /* CRMWorkBenchViewController.xib */; };
		9F2F7E671F07FF4C00F60F20 /* CRMMessageViewController.swift in Sources */ = {isa = PBXBuildFile; fileRef = 9F2F7E651F07FF4C00F60F20 /* CRMMessageViewController.swift */; };
		9F2F7E681F07FF4C00F60F20 /* CRMMessageViewController.xib in Resources */ = {isa = PBXBuildFile; fileRef = 9F2F7E661F07FF4C00F60F20 /* CRMMessageViewController.xib */; };
		9F2F7E6B1F07FF5E00F60F20 /* CRMMineViewController.swift in Sources */ = {isa = PBXBuildFile; fileRef = 9F2F7E691F07FF5E00F60F20 /* CRMMineViewController.swift */; };
		9F2F7E6C1F07FF5E00F60F20 /* CRMMineViewController.xib in Resources */ = {isa = PBXBuildFile; fileRef = 9F2F7E6A1F07FF5E00F60F20 /* CRMMineViewController.xib */; };
		9F2F7E6E1F0801E200F60F20 /* controllerInfor.plist in Resources */ = {isa = PBXBuildFile; fileRef = 9F2F7E6D1F0801E200F60F20 /* controllerInfor.plist */; };
		F069E2841F02099100818AB5 /* AppDelegate.swift in Sources */ = {isa = PBXBuildFile; fileRef = F069E2831F02099100818AB5 /* AppDelegate.swift */; };
		F069E28B1F02099100818AB5 /* Assets.xcassets in Resources */ = {isa = PBXBuildFile; fileRef = F069E28A1F02099100818AB5 /* Assets.xcassets */; };
		F069E28E1F02099100818AB5 /* LaunchScreen.storyboard in Resources */ = {isa = PBXBuildFile; fileRef = F069E28C1F02099100818AB5 /* LaunchScreen.storyboard */; };
		F07BA2E71F0CD1C100EF68F5 /* CRMDatePicker.swift in Sources */ = {isa = PBXBuildFile; fileRef = F07BA2E61F0CD1C100EF68F5 /* CRMDatePicker.swift */; };
		F07BA2EA1F0CECCE00EF68F5 /* CRMWorkBenchCell.swift in Sources */ = {isa = PBXBuildFile; fileRef = F07BA2E81F0CECCE00EF68F5 /* CRMWorkBenchCell.swift */; };
		F07BA2EB1F0CECCE00EF68F5 /* CRMWorkBenchCell.xib in Resources */ = {isa = PBXBuildFile; fileRef = F07BA2E91F0CECCE00EF68F5 /* CRMWorkBenchCell.xib */; };
		F07BA2EE1F0DD11F00EF68F5 /* CRMMessageCell.swift in Sources */ = {isa = PBXBuildFile; fileRef = F07BA2EC1F0DD11F00EF68F5 /* CRMMessageCell.swift */; };
		F07BA2EF1F0DD11F00EF68F5 /* CRMMessageCell.xib in Resources */ = {isa = PBXBuildFile; fileRef = F07BA2ED1F0DD11F00EF68F5 /* CRMMessageCell.xib */; };
		F07BA2F31F0DD7E900EF68F5 /* UIView+SYExtension.swift in Sources */ = {isa = PBXBuildFile; fileRef = F07BA2F21F0DD7E900EF68F5 /* UIView+SYExtension.swift */; };
		F07BA2F71F0E0B4D00EF68F5 /* CRMLoginViewController.swift in Sources */ = {isa = PBXBuildFile; fileRef = F07BA2F51F0E0B4D00EF68F5 /* CRMLoginViewController.swift */; };
		F07BA2F81F0E0B4D00EF68F5 /* CRMLoginViewController.xib in Resources */ = {isa = PBXBuildFile; fileRef = F07BA2F61F0E0B4D00EF68F5 /* CRMLoginViewController.xib */; };
		F08970831F0E25BA00067E24 /* SYAccountManager.swift in Sources */ = {isa = PBXBuildFile; fileRef = F08970821F0E25BA00067E24 /* SYAccountManager.swift */; };
		F09FFAAE1F049A9D00BE8342 /* SYTabBarController.swift in Sources */ = {isa = PBXBuildFile; fileRef = F0C720F61F0497B000ADECDF /* SYTabBarController.swift */; };
		F09FFAB01F049AC600BE8342 /* SYBaseViewController.swift in Sources */ = {isa = PBXBuildFile; fileRef = F0C720F21F0497B000ADECDF /* SYBaseViewController.swift */; };
		F09FFAB11F049AC600BE8342 /* SYNavigationController.swift in Sources */ = {isa = PBXBuildFile; fileRef = F0C720F51F0497B000ADECDF /* SYNavigationController.swift */; };
		F09FFAB21F049AC600BE8342 /* SYNetworkTool.swift in Sources */ = {isa = PBXBuildFile; fileRef = F0C720F81F0497B000ADECDF /* SYNetworkTool.swift */; };
		F09FFAB31F049AC600BE8342 /* SYRequest.swift in Sources */ = {isa = PBXBuildFile; fileRef = F0C720F91F0497B000ADECDF /* SYRequest.swift */; };
		F09FFAB41F049AC600BE8342 /* AFError.swift in Sources */ = {isa = PBXBuildFile; fileRef = F0C720FB1F0497B000ADECDF /* AFError.swift */; };
		F09FFAB51F049AC600BE8342 /* Alamofire.h in Sources */ = {isa = PBXBuildFile; fileRef = F0C720FC1F0497B000ADECDF /* Alamofire.h */; };
		F09FFAB61F049AC600BE8342 /* Alamofire.swift in Sources */ = {isa = PBXBuildFile; fileRef = F0C720FD1F0497B000ADECDF /* Alamofire.swift */; };
		F09FFAB71F049AC600BE8342 /* DispatchQueue+Alamofire.swift in Sources */ = {isa = PBXBuildFile; fileRef = F0C720FE1F0497B000ADECDF /* DispatchQueue+Alamofire.swift */; };
		F09FFAB81F049AC600BE8342 /* Info-tvOS.plist in Sources */ = {isa = PBXBuildFile; fileRef = F0C720FF1F0497B000ADECDF /* Info-tvOS.plist */; };
		F09FFAB91F049AC600BE8342 /* MultipartFormData.swift in Sources */ = {isa = PBXBuildFile; fileRef = F0C721011F0497B000ADECDF /* MultipartFormData.swift */; };
		F09FFABA1F049AC600BE8342 /* NetworkReachabilityManager.swift in Sources */ = {isa = PBXBuildFile; fileRef = F0C721021F0497B000ADECDF /* NetworkReachabilityManager.swift */; };
		F09FFABB1F049AC600BE8342 /* Notifications.swift in Sources */ = {isa = PBXBuildFile; fileRef = F0C721031F0497B000ADECDF /* Notifications.swift */; };
		F09FFABC1F049AC600BE8342 /* ParameterEncoding.swift in Sources */ = {isa = PBXBuildFile; fileRef = F0C721041F0497B000ADECDF /* ParameterEncoding.swift */; };
		F09FFABD1F049AC600BE8342 /* Request.swift in Sources */ = {isa = PBXBuildFile; fileRef = F0C721051F0497B000ADECDF /* Request.swift */; };
		F09FFABE1F049AC600BE8342 /* Response.swift in Sources */ = {isa = PBXBuildFile; fileRef = F0C721061F0497B000ADECDF /* Response.swift */; };
		F09FFABF1F049AC600BE8342 /* ResponseSerialization.swift in Sources */ = {isa = PBXBuildFile; fileRef = F0C721071F0497B000ADECDF /* ResponseSerialization.swift */; };
		F09FFAC01F049AC600BE8342 /* Result.swift in Sources */ = {isa = PBXBuildFile; fileRef = F0C721081F0497B000ADECDF /* Result.swift */; };
		F09FFAC11F049AC600BE8342 /* ServerTrustPolicy.swift in Sources */ = {isa = PBXBuildFile; fileRef = F0C721091F0497B000ADECDF /* ServerTrustPolicy.swift */; };
		F09FFAC21F049AC600BE8342 /* SessionDelegate.swift in Sources */ = {isa = PBXBuildFile; fileRef = F0C7210A1F0497B000ADECDF /* SessionDelegate.swift */; };
		F09FFAC31F049AC600BE8342 /* SessionManager.swift in Sources */ = {isa = PBXBuildFile; fileRef = F0C7210B1F0497B000ADECDF /* SessionManager.swift */; };
		F09FFAC41F049AC600BE8342 /* TaskDelegate.swift in Sources */ = {isa = PBXBuildFile; fileRef = F0C7210C1F0497B000ADECDF /* TaskDelegate.swift */; };
		F09FFAC51F049AC600BE8342 /* Timeline.swift in Sources */ = {isa = PBXBuildFile; fileRef = F0C7210D1F0497B000ADECDF /* Timeline.swift */; };
		F09FFAC61F049AC600BE8342 /* Validation.swift in Sources */ = {isa = PBXBuildFile; fileRef = F0C7210E1F0497B000ADECDF /* Validation.swift */; };
		F09FFAC71F049AC600BE8342 /* UIColor+SYExtension.swift in Sources */ = {isa = PBXBuildFile; fileRef = F0C721101F0497B000ADECDF /* UIColor+SYExtension.swift */; };
		F09FFACA1F04D76500BE8342 /* CRMHomeHeaderView.swift in Sources */ = {isa = PBXBuildFile; fileRef = F09FFAC91F04D76500BE8342 /* CRMHomeHeaderView.swift */; };
		F09FFACC1F04D7F400BE8342 /* CRMHomeHeaderView.xib in Resources */ = {isa = PBXBuildFile; fileRef = F09FFACB1F04D7F400BE8342 /* CRMHomeHeaderView.xib */; };
		F09FFACF1F04E38500BE8342 /* CRMHomeMainCell.swift in Sources */ = {isa = PBXBuildFile; fileRef = F09FFACD1F04E38500BE8342 /* CRMHomeMainCell.swift */; };
		F09FFAD01F04E38500BE8342 /* CRMHomeMainCell.xib in Resources */ = {isa = PBXBuildFile; fileRef = F09FFACE1F04E38500BE8342 /* CRMHomeMainCell.xib */; };
		F09FFAD31F04E39600BE8342 /* CRMHomeTitleCell.swift in Sources */ = {isa = PBXBuildFile; fileRef = F09FFAD11F04E39600BE8342 /* CRMHomeTitleCell.swift */; };
		F09FFAD41F04E39600BE8342 /* CRMHomeTitleCell.xib in Resources */ = {isa = PBXBuildFile; fileRef = F09FFAD21F04E39600BE8342 /* CRMHomeTitleCell.xib */; };
		F09FFAD81F04E78C00BE8342 /* NSObject+SYExtension.swift in Sources */ = {isa = PBXBuildFile; fileRef = F09FFAD71F04E78C00BE8342 /* NSObject+SYExtension.swift */; };
		F0B4D1251F04EADE000826F3 /* UITableView+SYExtension.swift in Sources */ = {isa = PBXBuildFile; fileRef = F0B4D1241F04EADE000826F3 /* UITableView+SYExtension.swift */; };
		F0B4D12A1F05007A000826F3 /* CRMHomeViewController.swift in Sources */ = {isa = PBXBuildFile; fileRef = F0B4D1281F05007A000826F3 /* CRMHomeViewController.swift */; };
		F0B4D12B1F05007A000826F3 /* CRMHomeViewController.xib in Resources */ = {isa = PBXBuildFile; fileRef = F0B4D1291F05007A000826F3 /* CRMHomeViewController.xib */; };
/* End PBXBuildFile section */

/* Begin PBXFileReference section */
		9F2F7E5D1F07FCCB00F60F20 /* CRMWorkBenchViewController.swift */ = {isa = PBXFileReference; lastKnownFileType = sourcecode.swift; path = CRMWorkBenchViewController.swift; sourceTree = "<group>"; };
		9F2F7E5E1F07FCCB00F60F20 /* CRMWorkBenchViewController.xib */ = {isa = PBXFileReference; lastKnownFileType = file.xib; path = CRMWorkBenchViewController.xib; sourceTree = "<group>"; };
		9F2F7E651F07FF4C00F60F20 /* CRMMessageViewController.swift */ = {isa = PBXFileReference; lastKnownFileType = sourcecode.swift; path = CRMMessageViewController.swift; sourceTree = "<group>"; };
		9F2F7E661F07FF4C00F60F20 /* CRMMessageViewController.xib */ = {isa = PBXFileReference; lastKnownFileType = file.xib; path = CRMMessageViewController.xib; sourceTree = "<group>"; };
		9F2F7E691F07FF5E00F60F20 /* CRMMineViewController.swift */ = {isa = PBXFileReference; lastKnownFileType = sourcecode.swift; path = CRMMineViewController.swift; sourceTree = "<group>"; };
		9F2F7E6A1F07FF5E00F60F20 /* CRMMineViewController.xib */ = {isa = PBXFileReference; lastKnownFileType = file.xib; path = CRMMineViewController.xib; sourceTree = "<group>"; };
		9F2F7E6D1F0801E200F60F20 /* controllerInfor.plist */ = {isa = PBXFileReference; lastKnownFileType = text.plist.xml; path = controllerInfor.plist; sourceTree = "<group>"; };
		F069E2801F02099100818AB5 /* ESFRoom(Swift).app */ = {isa = PBXFileReference; explicitFileType = wrapper.application; includeInIndex = 0; path = "ESFRoom(Swift).app"; sourceTree = BUILT_PRODUCTS_DIR; };
		F069E2831F02099100818AB5 /* AppDelegate.swift */ = {isa = PBXFileReference; lastKnownFileType = sourcecode.swift; path = AppDelegate.swift; sourceTree = "<group>"; };
		F069E28A1F02099100818AB5 /* Assets.xcassets */ = {isa = PBXFileReference; lastKnownFileType = folder.assetcatalog; path = Assets.xcassets; sourceTree = "<group>"; };
		F069E28D1F02099100818AB5 /* Base */ = {isa = PBXFileReference; lastKnownFileType = file.storyboard; name = Base; path = Base.lproj/LaunchScreen.storyboard; sourceTree = "<group>"; };
		F069E28F1F02099100818AB5 /* Info.plist */ = {isa = PBXFileReference; lastKnownFileType = text.plist.xml; path = Info.plist; sourceTree = "<group>"; };
		F07BA2E61F0CD1C100EF68F5 /* CRMDatePicker.swift */ = {isa = PBXFileReference; lastKnownFileType = sourcecode.swift; path = CRMDatePicker.swift; sourceTree = "<group>"; };
		F07BA2E81F0CECCE00EF68F5 /* CRMWorkBenchCell.swift */ = {isa = PBXFileReference; lastKnownFileType = sourcecode.swift; path = CRMWorkBenchCell.swift; sourceTree = "<group>"; };
		F07BA2E91F0CECCE00EF68F5 /* CRMWorkBenchCell.xib */ = {isa = PBXFileReference; lastKnownFileType = file.xib; path = CRMWorkBenchCell.xib; sourceTree = "<group>"; };
		F07BA2EC1F0DD11F00EF68F5 /* CRMMessageCell.swift */ = {isa = PBXFileReference; lastKnownFileType = sourcecode.swift; path = CRMMessageCell.swift; sourceTree = "<group>"; };
		F07BA2ED1F0DD11F00EF68F5 /* CRMMessageCell.xib */ = {isa = PBXFileReference; lastKnownFileType = file.xib; path = CRMMessageCell.xib; sourceTree = "<group>"; };
		F07BA2F21F0DD7E900EF68F5 /* UIView+SYExtension.swift */ = {isa = PBXFileReference; lastKnownFileType = sourcecode.swift; path = "UIView+SYExtension.swift"; sourceTree = "<group>"; };
		F07BA2F51F0E0B4D00EF68F5 /* CRMLoginViewController.swift */ = {isa = PBXFileReference; lastKnownFileType = sourcecode.swift; path = CRMLoginViewController.swift; sourceTree = "<group>"; };
		F07BA2F61F0E0B4D00EF68F5 /* CRMLoginViewController.xib */ = {isa = PBXFileReference; lastKnownFileType = file.xib; path = CRMLoginViewController.xib; sourceTree = "<group>"; };
		F08970821F0E25BA00067E24 /* SYAccountManager.swift */ = {isa = PBXFileReference; lastKnownFileType = sourcecode.swift; path = SYAccountManager.swift; sourceTree = "<group>"; };
		F09FFAC91F04D76500BE8342 /* CRMHomeHeaderView.swift */ = {isa = PBXFileReference; lastKnownFileType = sourcecode.swift; path = CRMHomeHeaderView.swift; sourceTree = "<group>"; };
		F09FFACB1F04D7F400BE8342 /* CRMHomeHeaderView.xib */ = {isa = PBXFileReference; lastKnownFileType = file.xib; path = CRMHomeHeaderView.xib; sourceTree = "<group>"; };
		F09FFACD1F04E38500BE8342 /* CRMHomeMainCell.swift */ = {isa = PBXFileReference; lastKnownFileType = sourcecode.swift; path = CRMHomeMainCell.swift; sourceTree = "<group>"; };
		F09FFACE1F04E38500BE8342 /* CRMHomeMainCell.xib */ = {isa = PBXFileReference; lastKnownFileType = file.xib; path = CRMHomeMainCell.xib; sourceTree = "<group>"; };
		F09FFAD11F04E39600BE8342 /* CRMHomeTitleCell.swift */ = {isa = PBXFileReference; lastKnownFileType = sourcecode.swift; path = CRMHomeTitleCell.swift; sourceTree = "<group>"; };
		F09FFAD21F04E39600BE8342 /* CRMHomeTitleCell.xib */ = {isa = PBXFileReference; lastKnownFileType = file.xib; path = CRMHomeTitleCell.xib; sourceTree = "<group>"; };
		F09FFAD71F04E78C00BE8342 /* NSObject+SYExtension.swift */ = {isa = PBXFileReference; lastKnownFileType = sourcecode.swift; path = "NSObject+SYExtension.swift"; sourceTree = "<group>"; };
		F0B4D1241F04EADE000826F3 /* UITableView+SYExtension.swift */ = {isa = PBXFileReference; lastKnownFileType = sourcecode.swift; path = "UITableView+SYExtension.swift"; sourceTree = "<group>"; };
		F0B4D1281F05007A000826F3 /* CRMHomeViewController.swift */ = {isa = PBXFileReference; lastKnownFileType = sourcecode.swift; path = CRMHomeViewController.swift; sourceTree = "<group>"; };
		F0B4D1291F05007A000826F3 /* CRMHomeViewController.xib */ = {isa = PBXFileReference; lastKnownFileType = file.xib; path = CRMHomeViewController.xib; sourceTree = "<group>"; };
		F0C720F21F0497B000ADECDF /* SYBaseViewController.swift */ = {isa = PBXFileReference; lastKnownFileType = sourcecode.swift; path = SYBaseViewController.swift; sourceTree = "<group>"; };
		F0C720F51F0497B000ADECDF /* SYNavigationController.swift */ = {isa = PBXFileReference; lastKnownFileType = sourcecode.swift; path = SYNavigationController.swift; sourceTree = "<group>"; };
		F0C720F61F0497B000ADECDF /* SYTabBarController.swift */ = {isa = PBXFileReference; lastKnownFileType = sourcecode.swift; path = SYTabBarController.swift; sourceTree = "<group>"; };
		F0C720F81F0497B000ADECDF /* SYNetworkTool.swift */ = {isa = PBXFileReference; lastKnownFileType = sourcecode.swift; path = SYNetworkTool.swift; sourceTree = "<group>"; };
		F0C720F91F0497B000ADECDF /* SYRequest.swift */ = {isa = PBXFileReference; lastKnownFileType = sourcecode.swift; path = SYRequest.swift; sourceTree = "<group>"; };
		F0C720FB1F0497B000ADECDF /* AFError.swift */ = {isa = PBXFileReference; lastKnownFileType = sourcecode.swift; path = AFError.swift; sourceTree = "<group>"; };
		F0C720FC1F0497B000ADECDF /* Alamofire.h */ = {isa = PBXFileReference; lastKnownFileType = sourcecode.c.h; path = Alamofire.h; sourceTree = "<group>"; };
		F0C720FD1F0497B000ADECDF /* Alamofire.swift */ = {isa = PBXFileReference; lastKnownFileType = sourcecode.swift; path = Alamofire.swift; sourceTree = "<group>"; };
		F0C720FE1F0497B000ADECDF /* DispatchQueue+Alamofire.swift */ = {isa = PBXFileReference; lastKnownFileType = sourcecode.swift; path = "DispatchQueue+Alamofire.swift"; sourceTree = "<group>"; };
		F0C720FF1F0497B000ADECDF /* Info-tvOS.plist */ = {isa = PBXFileReference; lastKnownFileType = text.plist.xml; path = "Info-tvOS.plist"; sourceTree = "<group>"; };
		F0C721011F0497B000ADECDF /* MultipartFormData.swift */ = {isa = PBXFileReference; lastKnownFileType = sourcecode.swift; path = MultipartFormData.swift; sourceTree = "<group>"; };
		F0C721021F0497B000ADECDF /* NetworkReachabilityManager.swift */ = {isa = PBXFileReference; lastKnownFileType = sourcecode.swift; path = NetworkReachabilityManager.swift; sourceTree = "<group>"; };
		F0C721031F0497B000ADECDF /* Notifications.swift */ = {isa = PBXFileReference; lastKnownFileType = sourcecode.swift; path = Notifications.swift; sourceTree = "<group>"; };
		F0C721041F0497B000ADECDF /* ParameterEncoding.swift */ = {isa = PBXFileReference; lastKnownFileType = sourcecode.swift; path = ParameterEncoding.swift; sourceTree = "<group>"; };
		F0C721051F0497B000ADECDF /* Request.swift */ = {isa = PBXFileReference; lastKnownFileType = sourcecode.swift; path = Request.swift; sourceTree = "<group>"; };
		F0C721061F0497B000ADECDF /* Response.swift */ = {isa = PBXFileReference; lastKnownFileType = sourcecode.swift; path = Response.swift; sourceTree = "<group>"; };
		F0C721071F0497B000ADECDF /* ResponseSerialization.swift */ = {isa = PBXFileReference; lastKnownFileType = sourcecode.swift; path = ResponseSerialization.swift; sourceTree = "<group>"; };
		F0C721081F0497B000ADECDF /* Result.swift */ = {isa = PBXFileReference; lastKnownFileType = sourcecode.swift; path = Result.swift; sourceTree = "<group>"; };
		F0C721091F0497B000ADECDF /* ServerTrustPolicy.swift */ = {isa = PBXFileReference; lastKnownFileType = sourcecode.swift; path = ServerTrustPolicy.swift; sourceTree = "<group>"; };
		F0C7210A1F0497B000ADECDF /* SessionDelegate.swift */ = {isa = PBXFileReference; lastKnownFileType = sourcecode.swift; path = SessionDelegate.swift; sourceTree = "<group>"; };
		F0C7210B1F0497B000ADECDF /* SessionManager.swift */ = {isa = PBXFileReference; lastKnownFileType = sourcecode.swift; path = SessionManager.swift; sourceTree = "<group>"; };
		F0C7210C1F0497B000ADECDF /* TaskDelegate.swift */ = {isa = PBXFileReference; lastKnownFileType = sourcecode.swift; path = TaskDelegate.swift; sourceTree = "<group>"; };
		F0C7210D1F0497B000ADECDF /* Timeline.swift */ = {isa = PBXFileReference; lastKnownFileType = sourcecode.swift; path = Timeline.swift; sourceTree = "<group>"; };
		F0C7210E1F0497B000ADECDF /* Validation.swift */ = {isa = PBXFileReference; lastKnownFileType = sourcecode.swift; path = Validation.swift; sourceTree = "<group>"; };
		F0C721101F0497B000ADECDF /* UIColor+SYExtension.swift */ = {isa = PBXFileReference; lastKnownFileType = sourcecode.swift; path = "UIColor+SYExtension.swift"; sourceTree = "<group>"; };
/* End PBXFileReference section */

/* Begin PBXFrameworksBuildPhase section */
		F069E27D1F02099100818AB5 /* Frameworks */ = {
			isa = PBXFrameworksBuildPhase;
			buildActionMask = 2147483647;
			files = (
			);
			runOnlyForDeploymentPostprocessing = 0;
		};
/* End PBXFrameworksBuildPhase section */

/* Begin PBXGroup section */
		9F2F7E5B1F07FC8300F60F20 /* Workbench */ = {
			isa = PBXGroup;
			children = (
				F07BA2E41F0C971100EF68F5 /* View */,
				9F2F7E5D1F07FCCB00F60F20 /* CRMWorkBenchViewController.swift */,
				9F2F7E5E1F07FCCB00F60F20 /* CRMWorkBenchViewController.xib */,
			);
			path = Workbench;
			sourceTree = "<group>";
		};
		9F2F7E611F07FF3700F60F20 /* Message */ = {
			isa = PBXGroup;
			children = (
				9F2F7E621F07FF3700F60F20 /* View */,
				9F2F7E651F07FF4C00F60F20 /* CRMMessageViewController.swift */,
				9F2F7E661F07FF4C00F60F20 /* CRMMessageViewController.xib */,
			);
			path = Message;
			sourceTree = "<group>";
		};
		9F2F7E621F07FF3700F60F20 /* View */ = {
			isa = PBXGroup;
			children = (
				F07BA2EC1F0DD11F00EF68F5 /* CRMMessageCell.swift */,
				F07BA2ED1F0DD11F00EF68F5 /* CRMMessageCell.xib */,
			);
			path = View;
			sourceTree = "<group>";
		};
		9F2F7E631F07FF3700F60F20 /* Mine */ = {
			isa = PBXGroup;
			children = (
				9F2F7E641F07FF3700F60F20 /* View */,
				9F2F7E691F07FF5E00F60F20 /* CRMMineViewController.swift */,
				9F2F7E6A1F07FF5E00F60F20 /* CRMMineViewController.xib */,
			);
			path = Mine;
			sourceTree = "<group>";
		};
		9F2F7E641F07FF3700F60F20 /* View */ = {
			isa = PBXGroup;
			children = (
			);
			path = View;
			sourceTree = "<group>";
		};
		F069E2771F02099000818AB5 = {
			isa = PBXGroup;
			children = (
				F069E2821F02099100818AB5 /* ESFRoom(Swift) */,
				F069E2811F02099100818AB5 /* Products */,
			);
			sourceTree = "<group>";
		};
		F069E2811F02099100818AB5 /* Products */ = {
			isa = PBXGroup;
			children = (
				F069E2801F02099100818AB5 /* ESFRoom(Swift).app */,
			);
			name = Products;
			sourceTree = "<group>";
		};
		F069E2821F02099100818AB5 /* ESFRoom(Swift) */ = {
			isa = PBXGroup;
			children = (
				F07BA2F41F0E0ADE00EF68F5 /* Login */,
				9F2F7E611F07FF3700F60F20 /* Message */,
				9F2F7E631F07FF3700F60F20 /* Mine */,
				9F2F7E5B1F07FC8300F60F20 /* Workbench */,
				F0C720E71F04970F00ADECDF /* Home */,
				F0C720F01F0497B000ADECDF /* Other */,
				F069E2831F02099100818AB5 /* AppDelegate.swift */,
				F069E28A1F02099100818AB5 /* Assets.xcassets */,
				F069E28C1F02099100818AB5 /* LaunchScreen.storyboard */,
				F069E28F1F02099100818AB5 /* Info.plist */,
			);
			path = "ESFRoom(Swift)";
			sourceTree = "<group>";
		};
		F07BA2E41F0C971100EF68F5 /* View */ = {
			isa = PBXGroup;
			children = (
				F07BA2E81F0CECCE00EF68F5 /* CRMWorkBenchCell.swift */,
				F07BA2E91F0CECCE00EF68F5 /* CRMWorkBenchCell.xib */,
			);
			path = View;
			sourceTree = "<group>";
		};
		F07BA2E51F0CD07000EF68F5 /* DatePickerView */ = {
			isa = PBXGroup;
			children = (
				F07BA2E61F0CD1C100EF68F5 /* CRMDatePicker.swift */,
			);
			path = DatePickerView;
			sourceTree = "<group>";
		};
		F07BA2F41F0E0ADE00EF68F5 /* Login */ = {
			isa = PBXGroup;
			children = (
				F07BA2F51F0E0B4D00EF68F5 /* CRMLoginViewController.swift */,
				F07BA2F61F0E0B4D00EF68F5 /* CRMLoginViewController.xib */,
			);
			path = Login;
			sourceTree = "<group>";
		};
		F0C720E71F04970F00ADECDF /* Home */ = {
			isa = PBXGroup;
			children = (
				F0C720E81F04970F00ADECDF /* View */,
				F0B4D1281F05007A000826F3 /* CRMHomeViewController.swift */,
				F0B4D1291F05007A000826F3 /* CRMHomeViewController.xib */,
			);
			path = Home;
			sourceTree = "<group>";
		};
		F0C720E81F04970F00ADECDF /* View */ = {
			isa = PBXGroup;
			children = (
				F07BA2E51F0CD07000EF68F5 /* DatePickerView */,
				F09FFAC91F04D76500BE8342 /* CRMHomeHeaderView.swift */,
				F09FFACB1F04D7F400BE8342 /* CRMHomeHeaderView.xib */,
				F09FFACD1F04E38500BE8342 /* CRMHomeMainCell.swift */,
				F09FFACE1F04E38500BE8342 /* CRMHomeMainCell.xib */,
				F09FFAD11F04E39600BE8342 /* CRMHomeTitleCell.swift */,
				F09FFAD21F04E39600BE8342 /* CRMHomeTitleCell.xib */,
			);
			path = View;
			sourceTree = "<group>";
		};
		F0C720F01F0497B000ADECDF /* Other */ = {
			isa = PBXGroup;
			children = (
				F0C720F11F0497B000ADECDF /* BaseVc */,
				F0C720F71F0497B000ADECDF /* NetworkTool */,
				F0C720FA1F0497B000ADECDF /* Source */,
				F0C7210F1F0497B000ADECDF /* SYExtension */,
			);
			path = Other;
			sourceTree = "<group>";
		};
		F0C720F11F0497B000ADECDF /* BaseVc */ = {
			isa = PBXGroup;
			children = (
				F0C720F21F0497B000ADECDF /* SYBaseViewController.swift */,
				F0C720F51F0497B000ADECDF /* SYNavigationController.swift */,
				F0C720F61F0497B000ADECDF /* SYTabBarController.swift */,
				9F2F7E6D1F0801E200F60F20 /* controllerInfor.plist */,
			);
			path = BaseVc;
			sourceTree = "<group>";
		};
		F0C720F71F0497B000ADECDF /* NetworkTool */ = {
			isa = PBXGroup;
			children = (
				F0C720F81F0497B000ADECDF /* SYNetworkTool.swift */,
				F0C720F91F0497B000ADECDF /* SYRequest.swift */,
				F08970821F0E25BA00067E24 /* SYAccountManager.swift */,
			);
			path = NetworkTool;
			sourceTree = "<group>";
		};
		F0C720FA1F0497B000ADECDF /* Source */ = {
			isa = PBXGroup;
			children = (
				F0C720FB1F0497B000ADECDF /* AFError.swift */,
				F0C720FC1F0497B000ADECDF /* Alamofire.h */,
				F0C720FD1F0497B000ADECDF /* Alamofire.swift */,
				F0C720FE1F0497B000ADECDF /* DispatchQueue+Alamofire.swift */,
				F0C720FF1F0497B000ADECDF /* Info-tvOS.plist */,
				F0C721011F0497B000ADECDF /* MultipartFormData.swift */,
				F0C721021F0497B000ADECDF /* NetworkReachabilityManager.swift */,
				F0C721031F0497B000ADECDF /* Notifications.swift */,
				F0C721041F0497B000ADECDF /* ParameterEncoding.swift */,
				F0C721051F0497B000ADECDF /* Request.swift */,
				F0C721061F0497B000ADECDF /* Response.swift */,
				F0C721071F0497B000ADECDF /* ResponseSerialization.swift */,
				F0C721081F0497B000ADECDF /* Result.swift */,
				F0C721091F0497B000ADECDF /* ServerTrustPolicy.swift */,
				F0C7210A1F0497B000ADECDF /* SessionDelegate.swift */,
				F0C7210B1F0497B000ADECDF /* SessionManager.swift */,
				F0C7210C1F0497B000ADECDF /* TaskDelegate.swift */,
				F0C7210D1F0497B000ADECDF /* Timeline.swift */,
				F0C7210E1F0497B000ADECDF /* Validation.swift */,
			);
			path = Source;
			sourceTree = "<group>";
		};
		F0C7210F1F0497B000ADECDF /* SYExtension */ = {
			isa = PBXGroup;
			children = (
				F0C721101F0497B000ADECDF /* UIColor+SYExtension.swift */,
				F09FFAD71F04E78C00BE8342 /* NSObject+SYExtension.swift */,
				F0B4D1241F04EADE000826F3 /* UITableView+SYExtension.swift */,
				F07BA2F21F0DD7E900EF68F5 /* UIView+SYExtension.swift */,
			);
			path = SYExtension;
			sourceTree = "<group>";
		};
/* End PBXGroup section */

/* Begin PBXNativeTarget section */
		F069E27F1F02099100818AB5 /* ESFRoom(Swift) */ = {
			isa = PBXNativeTarget;
			buildConfigurationList = F069E2921F02099100818AB5 /* Build configuration list for PBXNativeTarget "ESFRoom(Swift)" */;
			buildPhases = (
				F069E27C1F02099100818AB5 /* Sources */,
				F069E27D1F02099100818AB5 /* Frameworks */,
				F069E27E1F02099100818AB5 /* Resources */,
			);
			buildRules = (
			);
			dependencies = (
			);
			name = "ESFRoom(Swift)";
			productName = "ESFRoom(Swift)";
			productReference = F069E2801F02099100818AB5 /* ESFRoom(Swift).app */;
			productType = "com.apple.product-type.application";
		};
/* End PBXNativeTarget section */

/* Begin PBXProject section */
		F069E2781F02099100818AB5 /* Project object */ = {
			isa = PBXProject;
			attributes = {
				CLASSPREFIX = CRM;
				LastSwiftUpdateCheck = 0900;
				LastUpgradeCheck = 0900;
				ORGANIZATIONNAME = tsy;
				TargetAttributes = {
					F069E27F1F02099100818AB5 = {
						CreatedOnToolsVersion = 9.0;
					};
				};
			};
			buildConfigurationList = F069E27B1F02099100818AB5 /* Build configuration list for PBXProject "ESFRoom(Swift)" */;
			compatibilityVersion = "Xcode 8.0";
			developmentRegion = en;
			hasScannedForEncodings = 0;
			knownRegions = (
				en,
				Base,
			);
			mainGroup = F069E2771F02099000818AB5;
			productRefGroup = F069E2811F02099100818AB5 /* Products */;
			projectDirPath = "";
			projectRoot = "";
			targets = (
				F069E27F1F02099100818AB5 /* ESFRoom(Swift) */,
			);
		};
/* End PBXProject section */

/* Begin PBXResourcesBuildPhase section */
		F069E27E1F02099100818AB5 /* Resources */ = {
			isa = PBXResourcesBuildPhase;
			buildActionMask = 2147483647;
			files = (
				F09FFAD01F04E38500BE8342 /* CRMHomeMainCell.xib in Resources */,
				9F2F7E6C1F07FF5E00F60F20 /* CRMMineViewController.xib in Resources */,
				F07BA2EF1F0DD11F00EF68F5 /* CRMMessageCell.xib in Resources */,
				9F2F7E601F07FCCB00F60F20 /* CRMWorkBenchViewController.xib in Resources */,
				9F2F7E6E1F0801E200F60F20 /* controllerInfor.plist in Resources */,
				F09FFAD41F04E39600BE8342 /* CRMHomeTitleCell.xib in Resources */,
				F07BA2EB1F0CECCE00EF68F5 /* CRMWorkBenchCell.xib in Resources */,
				9F2F7E681F07FF4C00F60F20 /* CRMMessageViewController.xib in Resources */,
				F07BA2F81F0E0B4D00EF68F5 /* CRMLoginViewController.xib in Resources */,
				F069E28E1F02099100818AB5 /* LaunchScreen.storyboard in Resources */,
				F09FFACC1F04D7F400BE8342 /* CRMHomeHeaderView.xib in Resources */,
				F0B4D12B1F05007A000826F3 /* CRMHomeViewController.xib in Resources */,
				F069E28B1F02099100818AB5 /* Assets.xcassets in Resources */,
			);
			runOnlyForDeploymentPostprocessing = 0;
		};
/* End PBXResourcesBuildPhase section */

/* Begin PBXSourcesBuildPhase section */
		F069E27C1F02099100818AB5 /* Sources */ = {
			isa = PBXSourcesBuildPhase;
			buildActionMask = 2147483647;
			files = (
				F0B4D12A1F05007A000826F3 /* CRMHomeViewController.swift in Sources */,
				F09FFAD81F04E78C00BE8342 /* NSObject+SYExtension.swift in Sources */,
				F09FFAB01F049AC600BE8342 /* SYBaseViewController.swift in Sources */,
				F09FFAD31F04E39600BE8342 /* CRMHomeTitleCell.swift in Sources */,
				F09FFAB11F049AC600BE8342 /* SYNavigationController.swift in Sources */,
				F09FFAB21F049AC600BE8342 /* SYNetworkTool.swift in Sources */,
				F09FFAB31F049AC600BE8342 /* SYRequest.swift in Sources */,
				F09FFAB41F049AC600BE8342 /* AFError.swift in Sources */,
				F09FFAB51F049AC600BE8342 /* Alamofire.h in Sources */,
				F09FFAB61F049AC600BE8342 /* Alamofire.swift in Sources */,
				F08970831F0E25BA00067E24 /* SYAccountManager.swift in Sources */,
				F09FFAB71F049AC600BE8342 /* DispatchQueue+Alamofire.swift in Sources */,
				F09FFACF1F04E38500BE8342 /* CRMHomeMainCell.swift in Sources */,
				F09FFAB81F049AC600BE8342 /* Info-tvOS.plist in Sources */,
				F09FFAB91F049AC600BE8342 /* MultipartFormData.swift in Sources */,
				F09FFABA1F049AC600BE8342 /* NetworkReachabilityManager.swift in Sources */,
				F09FFABB1F049AC600BE8342 /* Notifications.swift in Sources */,
				9F2F7E5F1F07FCCB00F60F20 /* CRMWorkBenchViewController.swift in Sources */,
				F09FFABC1F049AC600BE8342 /* ParameterEncoding.swift in Sources */,
				F09FFABD1F049AC600BE8342 /* Request.swift in Sources */,
				9F2F7E6B1F07FF5E00F60F20 /* CRMMineViewController.swift in Sources */,
				F09FFABE1F049AC600BE8342 /* Response.swift in Sources */,
				F09FFABF1F049AC600BE8342 /* ResponseSerialization.swift in Sources */,
				F09FFAC01F049AC600BE8342 /* Result.swift in Sources */,
				F09FFAC11F049AC600BE8342 /* ServerTrustPolicy.swift in Sources */,
				F07BA2E71F0CD1C100EF68F5 /* CRMDatePicker.swift in Sources */,
				9F2F7E671F07FF4C00F60F20 /* CRMMessageViewController.swift in Sources */,
				F0B4D1251F04EADE000826F3 /* UITableView+SYExtension.swift in Sources */,
				F09FFAC21F049AC600BE8342 /* SessionDelegate.swift in Sources */,
				F09FFAC31F049AC600BE8342 /* SessionManager.swift in Sources */,
				F07BA2EA1F0CECCE00EF68F5 /* CRMWorkBenchCell.swift in Sources */,
				F09FFACA1F04D76500BE8342 /* CRMHomeHeaderView.swift in Sources */,
				F09FFAC41F049AC600BE8342 /* TaskDelegate.swift in Sources */,
				F07BA2F31F0DD7E900EF68F5 /* UIView+SYExtension.swift in Sources */,
				F07BA2F71F0E0B4D00EF68F5 /* CRMLoginViewController.swift in Sources */,
				F09FFAC51F049AC600BE8342 /* Timeline.swift in Sources */,
				F09FFAC61F049AC600BE8342 /* Validation.swift in Sources */,
				F09FFAC71F049AC600BE8342 /* UIColor+SYExtension.swift in Sources */,
				F09FFAAE1F049A9D00BE8342 /* SYTabBarController.swift in Sources */,
				F07BA2EE1F0DD11F00EF68F5 /* CRMMessageCell.swift in Sources */,
				F069E2841F02099100818AB5 /* AppDelegate.swift in Sources */,
			);
			runOnlyForDeploymentPostprocessing = 0;
		};
/* End PBXSourcesBuildPhase section */

/* Begin PBXVariantGroup section */
		F069E28C1F02099100818AB5 /* LaunchScreen.storyboard */ = {
			isa = PBXVariantGroup;
			children = (
				F069E28D1F02099100818AB5 /* Base */,
			);
			name = LaunchScreen.storyboard;
			sourceTree = "<group>";
		};
/* End PBXVariantGroup section */

/* Begin XCBuildConfiguration section */
		F069E2901F02099100818AB5 /* Debug */ = {
			isa = XCBuildConfiguration;
			buildSettings = {
				ALWAYS_SEARCH_USER_PATHS = NO;
				CLANG_ANALYZER_NONNULL = YES;
				CLANG_ANALYZER_NUMBER_OBJECT_CONVERSION = YES_AGGRESSIVE;
				CLANG_CXX_LANGUAGE_STANDARD = "gnu++14";
				CLANG_CXX_LIBRARY = "libc++";
				CLANG_ENABLE_MODULES = YES;
				CLANG_ENABLE_OBJC_ARC = YES;
				CLANG_WARN_BLOCK_CAPTURE_AUTORELEASING = YES;
				CLANG_WARN_BOOL_CONVERSION = YES;
				CLANG_WARN_COMMA = YES;
				CLANG_WARN_CONSTANT_CONVERSION = YES;
				CLANG_WARN_DIRECT_OBJC_ISA_USAGE = YES_ERROR;
				CLANG_WARN_DOCUMENTATION_COMMENTS = YES;
				CLANG_WARN_EMPTY_BODY = YES;
				CLANG_WARN_ENUM_CONVERSION = YES;
				CLANG_WARN_INFINITE_RECURSION = YES;
				CLANG_WARN_INT_CONVERSION = YES;
				CLANG_WARN_OBJC_ROOT_CLASS = YES_ERROR;
				CLANG_WARN_RANGE_LOOP_ANALYSIS = YES;
				CLANG_WARN_STRICT_PROTOTYPES = YES;
				CLANG_WARN_SUSPICIOUS_MOVE = YES;
				CLANG_WARN_UNGUARDED_AVAILABILITY = YES_AGGRESSIVE;
				CLANG_WARN_UNREACHABLE_CODE = YES;
				CLANG_WARN__DUPLICATE_METHOD_MATCH = YES;
				CODE_SIGN_IDENTITY = "iPhone Developer";
				COPY_PHASE_STRIP = NO;
				DEBUG_INFORMATION_FORMAT = dwarf;
				ENABLE_STRICT_OBJC_MSGSEND = YES;
				ENABLE_TESTABILITY = YES;
				GCC_C_LANGUAGE_STANDARD = gnu11;
				GCC_DYNAMIC_NO_PIC = NO;
				GCC_NO_COMMON_BLOCKS = YES;
				GCC_OPTIMIZATION_LEVEL = 0;
				GCC_PREPROCESSOR_DEFINITIONS = (
					"DEBUG=1",
					"$(inherited)",
				);
				GCC_WARN_64_TO_32_BIT_CONVERSION = YES;
				GCC_WARN_ABOUT_RETURN_TYPE = YES_ERROR;
				GCC_WARN_UNDECLARED_SELECTOR = YES;
				GCC_WARN_UNINITIALIZED_AUTOS = YES_AGGRESSIVE;
				GCC_WARN_UNUSED_FUNCTION = YES;
				GCC_WARN_UNUSED_VARIABLE = YES;
				IPHONEOS_DEPLOYMENT_TARGET = 11.0;
				MTL_ENABLE_DEBUG_INFO = YES;
				ONLY_ACTIVE_ARCH = YES;
				SDKROOT = iphoneos;
				SWIFT_ACTIVE_COMPILATION_CONDITIONS = DEBUG;
				SWIFT_OPTIMIZATION_LEVEL = "-Onone";
			};
			name = Debug;
		};
		F069E2911F02099100818AB5 /* Release */ = {
			isa = XCBuildConfiguration;
			buildSettings = {
				ALWAYS_SEARCH_USER_PATHS = NO;
				CLANG_ANALYZER_NONNULL = YES;
				CLANG_ANALYZER_NUMBER_OBJECT_CONVERSION = YES_AGGRESSIVE;
				CLANG_CXX_LANGUAGE_STANDARD = "gnu++14";
				CLANG_CXX_LIBRARY = "libc++";
				CLANG_ENABLE_MODULES = YES;
				CLANG_ENABLE_OBJC_ARC = YES;
				CLANG_WARN_BLOCK_CAPTURE_AUTORELEASING = YES;
				CLANG_WARN_BOOL_CONVERSION = YES;
				CLANG_WARN_COMMA = YES;
				CLANG_WARN_CONSTANT_CONVERSION = YES;
				CLANG_WARN_DIRECT_OBJC_ISA_USAGE = YES_ERROR;
				CLANG_WARN_DOCUMENTATION_COMMENTS = YES;
				CLANG_WARN_EMPTY_BODY = YES;
				CLANG_WARN_ENUM_CONVERSION = YES;
				CLANG_WARN_INFINITE_RECURSION = YES;
				CLANG_WARN_INT_CONVERSION = YES;
				CLANG_WARN_OBJC_ROOT_CLASS = YES_ERROR;
				CLANG_WARN_RANGE_LOOP_ANALYSIS = YES;
				CLANG_WARN_STRICT_PROTOTYPES = YES;
				CLANG_WARN_SUSPICIOUS_MOVE = YES;
				CLANG_WARN_UNGUARDED_AVAILABILITY = YES_AGGRESSIVE;
				CLANG_WARN_UNREACHABLE_CODE = YES;
				CLANG_WARN__DUPLICATE_METHOD_MATCH = YES;
				CODE_SIGN_IDENTITY = "iPhone Developer";
				COPY_PHASE_STRIP = NO;
				DEBUG_INFORMATION_FORMAT = "dwarf-with-dsym";
				ENABLE_NS_ASSERTIONS = NO;
				ENABLE_STRICT_OBJC_MSGSEND = YES;
				GCC_C_LANGUAGE_STANDARD = gnu11;
				GCC_NO_COMMON_BLOCKS = YES;
				GCC_WARN_64_TO_32_BIT_CONVERSION = YES;
				GCC_WARN_ABOUT_RETURN_TYPE = YES_ERROR;
				GCC_WARN_UNDECLARED_SELECTOR = YES;
				GCC_WARN_UNINITIALIZED_AUTOS = YES_AGGRESSIVE;
				GCC_WARN_UNUSED_FUNCTION = YES;
				GCC_WARN_UNUSED_VARIABLE = YES;
				IPHONEOS_DEPLOYMENT_TARGET = 11.0;
				MTL_ENABLE_DEBUG_INFO = NO;
				SDKROOT = iphoneos;
				SWIFT_OPTIMIZATION_LEVEL = "-Owholemodule";
				VALIDATE_PRODUCT = YES;
			};
			name = Release;
		};
		F069E2931F02099100818AB5 /* Debug */ = {
			isa = XCBuildConfiguration;
			buildSettings = {
				ASSETCATALOG_COMPILER_APPICON_NAME = AppIcon;
				DEVELOPMENT_TEAM = VE878NZ38N;
				INFOPLIST_FILE = "ESFRoom(Swift)/Info.plist";
				IPHONEOS_DEPLOYMENT_TARGET = 10.0;
				LD_RUNPATH_SEARCH_PATHS = "$(inherited) @executable_path/Frameworks";
				PRODUCT_BUNDLE_IDENTIFIER = "sy.team.ESFRoom-Swift-";
				PRODUCT_NAME = "$(TARGET_NAME)";
				SWIFT_VERSION = 4.0;
				TARGETED_DEVICE_FAMILY = "1,2";
			};
			name = Debug;
		};
		F069E2941F02099100818AB5 /* Release */ = {
			isa = XCBuildConfiguration;
			buildSettings = {
				ASSETCATALOG_COMPILER_APPICON_NAME = AppIcon;
				DEVELOPMENT_TEAM = VE878NZ38N;
				INFOPLIST_FILE = "ESFRoom(Swift)/Info.plist";
				IPHONEOS_DEPLOYMENT_TARGET = 10.0;
				LD_RUNPATH_SEARCH_PATHS = "$(inherited) @executable_path/Frameworks";
				PRODUCT_BUNDLE_IDENTIFIER = "sy.team.ESFRoom-Swift-";
				PRODUCT_NAME = "$(TARGET_NAME)";
				SWIFT_VERSION = 4.0;
				TARGETED_DEVICE_FAMILY = "1,2";
			};
			name = Release;
		};
/* End XCBuildConfiguration section */

/* Begin XCConfigurationList section */
		F069E27B1F02099100818AB5 /* Build configuration list for PBXProject "ESFRoom(Swift)" */ = {
			isa = XCConfigurationList;
			buildConfigurations = (
				F069E2901F02099100818AB5 /* Debug */,
				F069E2911F02099100818AB5 /* Release */,
			);
			defaultConfigurationIsVisible = 0;
			defaultConfigurationName = Release;
		};
		F069E2921F02099100818AB5 /* Build configuration list for PBXNativeTarget "ESFRoom(Swift)" */ = {
			isa = XCConfigurationList;
			buildConfigurations = (
				F069E2931F02099100818AB5 /* Debug */,
				F069E2941F02099100818AB5 /* Release */,
			);
			defaultConfigurationIsVisible = 0;
			defaultConfigurationName = Release;
		};
/* End XCConfigurationList section */
	};
	rootObject = F069E2781F02099100818AB5 /* Project object */;
}
